<?xml version="1.0" encoding="UTF-8"?>
<Scheme
   version = "1.3">
   <BuildAction>
      <BuildActionEntries>
         <BuildActionEntry
            buildForRunning = "YES">
            <BuildableReference
               BuildableIdentifier = "primary"
               BlueprintIdentifier = "3BCEBD8B2AD91AEB0070825E"
               BuildableName = "SearchParttenCode"
               BlueprintName = "SearchParttenCode"
               ReferencedContainer = "container:SearchParttenCode.xcodeproj">
            </BuildableReference>
         </BuildActionEntry>
      </BuildActionEntries>
   </BuildAction>
   <LaunchAction
      useCustomWorkingDirectory = "NO"
      buildConfiguration = "Debug"
      allowLocationSimulation = "YES">
      <BuildableProductRunnable>
         <BuildableReference
            BuildableIdentifier = "primary"
            BlueprintIdentifier = "3BCEBD8B2AD91AEB0070825E"
            BuildableName = "SearchParttenCode"
            BlueprintName = "SearchParttenCode"
            ReferencedContainer = "container:SearchParttenCode.xcodeproj">
         </BuildableReference>
      </BuildableProductRunnable>
   </LaunchAction>
</Scheme>
